// !$*UTF8*$!
{
	archiveVersion = 1;
	classes = {
	};
	objectVersion = 46;
	objects = {

/* Begin PBXBuildFile section */
		891237701D642E8900DE68EE /* main.m in Sources */ = {isa = PBXBuildFile; fileRef = 8912376F1D642E8900DE68EE /* main.m */; };
		891237731D642E8900DE68EE /* AppDelegate.m in Sources */ = {isa = PBXBuildFile; fileRef = 891237721D642E8900DE68EE /* AppDelegate.m */; };
		891237761D642E8900DE68EE /* ViewController.m in Sources */ = {isa = PBXBuildFile; fileRef = 891237751D642E8900DE68EE /* ViewController.m */; };
		891237791D642E8900DE68EE /* Main.storyboard in Resources */ = {isa = PBXBuildFile; fileRef = 891237771D642E8900DE68EE /* Main.storyboard */; };
		8912377B1D642E8900DE68EE /* Assets.xcassets in Resources */ = {isa = PBXBuildFile; fileRef = 8912377A1D642E8900DE68EE /* Assets.xcassets */; };
		8912377E1D642E8900DE68EE /* LaunchScreen.storyboard in Resources */ = {isa = PBXBuildFile; fileRef = 8912377C1D642E8900DE68EE /* LaunchScreen.storyboard */; };
		891237891D642E8900DE68EE /* LLPinTransitionDemoTests.m in Sources */ = {isa = PBXBuildFile; fileRef = 891237881D642E8900DE68EE /* LLPinTransitionDemoTests.m */; };
		891237941D642E8900DE68EE /* LLPinTransitionDemoUITests.m in Sources */ = {isa = PBXBuildFile; fileRef = 891237931D642E8900DE68EE /* LLPinTransitionDemoUITests.m */; };
/* End PBXBuildFile section */

/* Begin PBXContainerItemProxy section */
		891237851D642E8900DE68EE /* PBXContainerItemProxy */ = {
			isa = PBXContainerItemProxy;
			containerPortal = 891237631D642E8900DE68EE /* Project object */;
			proxyType = 1;
			remoteGlobalIDString = 8912376A1D642E8900DE68EE;
			remoteInfo = LLPinTransitionDemo;
		};
		891237901D642E8900DE68EE /* PBXContainerItemProxy */ = {
			isa = PBXContainerItemProxy;
			containerPortal = 891237631D642E8900DE68EE /* Project object */;
			proxyType = 1;
			remoteGlobalIDString = 8912376A1D642E8900DE68EE;
			remoteInfo = LLPinTransitionDemo;
		};
/* End PBXContainerItemProxy section */

/* Begin PBXFileReference section */
		8912376B1D642E8900DE68EE /* LLPinTransitionDemo.app */ = {isa = PBXFileReference; explicitFileType = wrapper.application; includeInIndex = 0; path = LLPinTransitionDemo.app; sourceTree = BUILT_PRODUCTS_DIR; };
		8912376F1D642E8900DE68EE /* main.m */ = {isa = PBXFileReference; lastKnownFileType = sourcecode.c.objc; path = main.m; sourceTree = "<group>"; };
		891237711D642E8900DE68EE /* AppDelegate.h */ = {isa = PBXFileReference; lastKnownFileType = sourcecode.c.h; path = AppDelegate.h; sourceTree = "<group>"; };
		891237721D642E8900DE68EE /* AppDelegate.m */ = {isa = PBXFileReference; lastKnownFileType = sourcecode.c.objc; path = AppDelegate.m; sourceTree = "<group>"; };
		891237741D642E8900DE68EE /* ViewController.h */ = {isa = PBXFileReference; lastKnownFileType = sourcecode.c.h; path = ViewController.h; sourceTree = "<group>"; };
		891237751D642E8900DE68EE /* ViewController.m */ = {isa = PBXFileReference; lastKnownFileType = sourcecode.c.objc; path = ViewController.m; sourceTree = "<group>"; };
		891237781D642E8900DE68EE /* Base */ = {isa = PBXFileReference; lastKnownFileType = file.storyboard; name = Base; path = Base.lproj/Main.storyboard; sourceTree = "<group>"; };
		8912377A1D642E8900DE68EE /* Assets.xcassets */ = {isa = PBXFileReference; lastKnownFileType = folder.assetcatalog; path = Assets.xcassets; sourceTree = "<group>"; };
		8912377D1D642E8900DE68EE /* Base */ = {isa = PBXFileReference; lastKnownFileType = file.storyboard; name = Base; path = Base.lproj/LaunchScreen.storyboard; sourceTree = "<group>"; };
		8912377F1D642E8900DE68EE /* Info.plist */ = {isa = PBXFileReference; lastKnownFileType = text.plist.xml; path = Info.plist; sourceTree = "<group>"; };
		891237841D642E8900DE68EE /* LLPinTransitionDemoTests.xctest */ = {isa = PBXFileReference; explicitFileType = wrapper.cfbundle; includeInIndex = 0; path = LLPinTransitionDemoTests.xctest; sourceTree = BUILT_PRODUCTS_DIR; };
		891237881D642E8900DE68EE /* LLPinTransitionDemoTests.m */ = {isa = PBXFileReference; lastKnownFileType = sourcecode.c.objc; path = LLPinTransitionDemoTests.m; sourceTree = "<group>"; };
		8912378A1D642E8900DE68EE /* Info.plist */ = {isa = PBXFileReference; lastKnownFileType = text.plist.xml; path = Info.plist; sourceTree = "<group>"; };
		8912378F1D642E8900DE68EE /* LLPinTransitionDemoUITests.xctest */ = {isa = PBXFileReference; explicitFileType = wrapper.cfbundle; includeInIndex = 0; path = LLPinTransitionDemoUITests.xctest; sourceTree = BUILT_PRODUCTS_DIR; };
		891237931D642E8900DE68EE /* LLPinTransitionDemoUITests.m */ = {isa = PBXFileReference; lastKnownFileType = sourcecode.c.objc; path = LLPinTransitionDemoUITests.m; sourceTree = "<group>"; };
		891237951D642E8900DE68EE /* Info.plist */ = {isa = PBXFileReference; lastKnownFileType = text.plist.xml; path = Info.plist; sourceTree = "<group>"; };
/* End PBXFileReference section */

/* Begin PBXFrameworksBuildPhase section */
		891237681D642E8900DE68EE /* Frameworks */ = {
			isa = PBXFrameworksBuildPhase;
			buildActionMask = 2147483647;
			files = (
			);
			runOnlyForDeploymentPostprocessing = 0;
		};
		891237811D642E8900DE68EE /* Frameworks */ = {
			isa = PBXFrameworksBuildPhase;
			buildActionMask = 2147483647;
			files = (
			);
			runOnlyForDeploymentPostprocessing = 0;
		};
		8912378C1D642E8900DE68EE /* Frameworks */ = {
			isa = PBXFrameworksBuildPhase;
			buildActionMask = 2147483647;
			files = (
			);
			runOnlyForDeploymentPostprocessing = 0;
		};
/* End PBXFrameworksBuildPhase section */

/* Begin PBXGroup section */
		891237621D642E8900DE68EE = {
			isa = PBXGroup;
			children = (
				8912376D1D642E8900DE68EE /* LLPinTransitionDemo */,
				891237871D642E8900DE68EE /* LLPinTransitionDemoTests */,
				891237921D642E8900DE68EE /* LLPinTransitionDemoUITests */,
				8912376C1D642E8900DE68EE /* Products */,
			);
			sourceTree = "<group>";
		};
		8912376C1D642E8900DE68EE /* Products */ = {
			isa = PBXGroup;
			children = (
				8912376B1D642E8900DE68EE /* LLPinTransitionDemo.app */,
				891237841D642E8900DE68EE /* LLPinTransitionDemoTests.xctest */,
				8912378F1D642E8900DE68EE /* LLPinTransitionDemoUITests.xctest */,
			);
			name = Products;
			sourceTree = "<group>";
		};
		8912376D1D642E8900DE68EE /* LLPinTransitionDemo */ = {
			isa = PBXGroup;
			children = (
				891237711D642E8900DE68EE /* AppDelegate.h */,
				891237721D642E8900DE68EE /* AppDelegate.m */,
				891237741D642E8900DE68EE /* ViewController.h */,
				891237751D642E8900DE68EE /* ViewController.m */,
				891237771D642E8900DE68EE /* Main.storyboard */,
				8912377A1D642E8900DE68EE /* Assets.xcassets */,
				8912377C1D642E8900DE68EE /* LaunchScreen.storyboard */,
				8912377F1D642E8900DE68EE /* Info.plist */,
				8912376E1D642E8900DE68EE /* Supporting Files */,
			);
			path = LLPinTransitionDemo;
			sourceTree = "<group>";
		};
		8912376E1D642E8900DE68EE /* Supporting Files */ = {
			isa = PBXGroup;
			children = (
				8912376F1D642E8900DE68EE /* main.m */,
			);
			name = "Supporting Files";
			sourceTree = "<group>";
		};
		891237871D642E8900DE68EE /* LLPinTransitionDemoTests */ = {
			isa = PBXGroup;
			children = (
				891237881D642E8900DE68EE /* LLPinTransitionDemoTests.m */,
				8912378A1D642E8900DE68EE /* Info.plist */,
			);
			path = LLPinTransitionDemoTests;
			sourceTree = "<group>";
		};
		891237921D642E8900DE68EE /* LLPinTransitionDemoUITests */ = {
			isa = PBXGroup;
			children = (
				891237931D642E8900DE68EE /* LLPinTransitionDemoUITests.m */,
				891237951D642E8900DE68EE /* Info.plist */,
			);
			path = LLPinTransitionDemoUITests;
			sourceTree = "<group>";
		};
/* End PBXGroup section */

/* Begin PBXNativeTarget section */
		8912376A1D642E8900DE68EE /* LLPinTransitionDemo */ = {
			isa = PBXNativeTarget;
			buildConfigurationList = 891237981D642E8900DE68EE /* Build configuration list for PBXNativeTarget "LLPinTransitionDemo" */;
			buildPhases = (
				891237671D642E8900DE68EE /* Sources */,
				891237681D642E8900DE68EE /* Frameworks */,
				891237691D642E8900DE68EE /* Resources */,
			);
			buildRules = (
			);
			dependencies = (
			);
			name = LLPinTransitionDemo;
			productName = LLPinTransitionDemo;
			productReference = 8912376B1D642E8900DE68EE /* LLPinTransitionDemo.app */;
			productType = "com.apple.product-type.application";
		};
		891237831D642E8900DE68EE /* LLPinTransitionDemoTests */ = {
			isa = PBXNativeTarget;
			buildConfigurationList = 8912379B1D642E8900DE68EE /* Build configuration list for PBXNativeTarget "LLPinTransitionDemoTests" */;
			buildPhases = (
				891237801D642E8900DE68EE /* Sources */,
				891237811D642E8900DE68EE /* Frameworks */,
				891237821D642E8900DE68EE /* Resources */,
			);
			buildRules = (
			);
			dependencies = (
				891237861D642E8900DE68EE /* PBXTargetDependency */,
			);
			name = LLPinTransitionDemoTests;
			productName = LLPinTransitionDemoTests;
			productReference = 891237841D642E8900DE68EE /* LLPinTransitionDemoTests.xctest */;
			productType = "com.apple.product-type.bundle.unit-test";
		};
		8912378E1D642E8900DE68EE /* LLPinTransitionDemoUITests */ = {
			isa = PBXNativeTarget;
			buildConfigurationList = 8912379E1D642E8900DE68EE /* Build configuration list for PBXNativeTarget "LLPinTransitionDemoUITests" */;
			buildPhases = (
				8912378B1D642E8900DE68EE /* Sources */,
				8912378C1D642E8900DE68EE /* Frameworks */,
				8912378D1D642E8900DE68EE /* Resources */,
			);
			buildRules = (
			);
			dependencies = (
				891237911D642E8900DE68EE /* PBXTargetDependency */,
			);
			name = LLPinTransitionDemoUITests;
			productName = LLPinTransitionDemoUITests;
			productReference = 8912378F1D642E8900DE68EE /* LLPinTransitionDemoUITests.xctest */;
			productType = "com.apple.product-type.bundle.ui-testing";
		};
/* End PBXNativeTarget section */

/* Begin PBXProject section */
		891237631D642E8900DE68EE /* Project object */ = {
			isa = PBXProject;
			attributes = {
				LastUpgradeCheck = 0730;
				ORGANIZATIONNAME = "李龙";
				TargetAttributes = {
					8912376A1D642E8900DE68EE = {
						CreatedOnToolsVersion = 7.3;
					};
					891237831D642E8900DE68EE = {
						CreatedOnToolsVersion = 7.3;
						TestTargetID = 8912376A1D642E8900DE68EE;
					};
					8912378E1D642E8900DE68EE = {
						CreatedOnToolsVersion = 7.3;
						TestTargetID = 8912376A1D642E8900DE68EE;
					};
				};
			};
			buildConfigurationList = 891237661D642E8900DE68EE /* Build configuration list for PBXProject "LLPinTransitionDemo" */;
			compatibilityVersion = "Xcode 3.2";
			developmentRegion = English;
			hasScannedForEncodings = 0;
			knownRegions = (
				en,
				Base,
			);
			mainGroup = 891237621D642E8900DE68EE;
			productRefGroup = 8912376C1D642E8900DE68EE /* Products */;
			projectDirPath = "";
			projectRoot = "";
			targets = (
				8912376A1D642E8900DE68EE /* LLPinTransitionDemo */,
				891237831D642E8900DE68EE /* LLPinTransitionDemoTests */,
				8912378E1D642E8900DE68EE /* LLPinTransitionDemoUITests */,
			);
		};
/* End PBXProject section */

/* Begin PBXResourcesBuildPhase section */
		891237691D642E8900DE68EE /* Resources */ = {
			isa = PBXResourcesBuildPhase;
			buildActionMask = 2147483647;
			files = (
				8912377E1D642E8900DE68EE /* LaunchScreen.storyboard in Resources */,
				8912377B1D642E8900DE68EE /* Assets.xcassets in Resources */,
				891237791D642E8900DE68EE /* Main.storyboard in Resources */,
			);
			runOnlyForDeploymentPostprocessing = 0;
		};
		891237821D642E8900DE68EE /* Resources */ = {
			isa = PBXResourcesBuildPhase;
			buildActionMask = 2147483647;
			files = (
			);
			runOnlyForDeploymentPostprocessing = 0;
		};
		8912378D1D642E8900DE68EE /* Resources */ = {
			isa = PBXResourcesBuildPhase;
			buildActionMask = 2147483647;
			files = (
			);
			runOnlyForDeploymentPostprocessing = 0;
		};
/* End PBXResourcesBuildPhase section */

/* Begin PBXSourcesBuildPhase section */
		891237671D642E8900DE68EE /* Sources */ = {
			isa = PBXSourcesBuildPhase;
			buildActionMask = 2147483647;
			files = (
				891237761D642E8900DE68EE /* ViewController.m in Sources */,
				891237731D642E8900DE68EE /* AppDelegate.m in Sources */,
				891237701D642E8900DE68EE /* main.m in Sources */,
			);
			runOnlyForDeploymentPostprocessing = 0;
		};
		891237801D642E8900DE68EE /* Sources */ = {
			isa = PBXSourcesBuildPhase;
			buildActionMask = 2147483647;
			files = (
				891237891D642E8900DE68EE /* LLPinTransitionDemoTests.m in Sources */,
			);
			runOnlyForDeploymentPostprocessing = 0;
		};
		8912378B1D642E8900DE68EE /* Sources */ = {
			isa = PBXSourcesBuildPhase;
			buildActionMask = 2147483647;
			files = (
				891237941D642E8900DE68EE /* LLPinTransitionDemoUITests.m in Sources */,
			);
			runOnlyForDeploymentPostprocessing = 0;
		};
/* End PBXSourcesBuildPhase section */

/* Begin PBXTargetDependency section */
		891237861D642E8900DE68EE /* PBXTargetDependency */ = {
			isa = PBXTargetDependency;
			target = 8912376A1D642E8900DE68EE /* LLPinTransitionDemo */;
			targetProxy = 891237851D642E8900DE68EE /* PBXContainerItemProxy */;
		};
		891237911D642E8900DE68EE /* PBXTargetDependency */ = {
			isa = PBXTargetDependency;
			target = 8912376A1D642E8900DE68EE /* LLPinTransitionDemo */;
			targetProxy = 891237901D642E8900DE68EE /* PBXContainerItemProxy */;
		};
/* End PBXTargetDependency section */

/* Begin PBXVariantGroup section */
		891237771D642E8900DE68EE /* Main.storyboard */ = {
			isa = PBXVariantGroup;
			children = (
				891237781D642E8900DE68EE /* Base */,
			);
			name = Main.storyboard;
			sourceTree = "<group>";
		};
		8912377C1D642E8900DE68EE /* LaunchScreen.storyboard */ = {
			isa = PBXVariantGroup;
			children = (
				8912377D1D642E8900DE68EE /* Base */,
			);
			name = LaunchScreen.storyboard;
			sourceTree = "<group>";
		};
/* End PBXVariantGroup section */

/* Begin XCBuildConfiguration section */
		891237961D642E8900DE68EE /* Debug */ = {
			isa = XCBuildConfiguration;
			buildSettings = {
				ALWAYS_SEARCH_USER_PATHS = NO;
				CLANG_ANALYZER_NONNULL = YES;
				CLANG_CXX_LANGUAGE_STANDARD = "gnu++0x";
				CLANG_CXX_LIBRARY = "libc++";
				CLANG_ENABLE_MODULES = YES;
				CLANG_ENABLE_OBJC_ARC = YES;
				CLANG_WARN_BOOL_CONVERSION = YES;
				CLANG_WARN_CONSTANT_CONVERSION = YES;
				CLANG_WARN_DIRECT_OBJC_ISA_USAGE = YES_ERROR;
				CLANG_WARN_EMPTY_BODY = YES;
				CLANG_WARN_ENUM_CONVERSION = YES;
				CLANG_WARN_INT_CONVERSION = YES;
				CLANG_WARN_OBJC_ROOT_CLASS = YES_ERROR;
				CLANG_WARN_UNREACHABLE_CODE = YES;
				CLANG_WARN__DUPLICATE_METHOD_MATCH = YES;
				"CODE_SIGN_IDENTITY[sdk=iphoneos*]" = "iPhone Developer";
				COPY_PHASE_STRIP = NO;
				DEBUG_INFORMATION_FORMAT = dwarf;
				ENABLE_STRICT_OBJC_MSGSEND = YES;
				ENABLE_TESTABILITY = YES;
				GCC_C_LANGUAGE_STANDARD = gnu99;
				GCC_DYNAMIC_NO_PIC = NO;
				GCC_NO_COMMON_BLOCKS = YES;
				GCC_OPTIMIZATION_LEVEL = 0;
				GCC_PREPROCESSOR_DEFINITIONS = (
					"DEBUG=1",
					"$(inherited)",
				);
				GCC_WARN_64_TO_32_BIT_CONVERSION = YES;
				GCC_WARN_ABOUT_RETURN_TYPE = YES_ERROR;
				GCC_WARN_UNDECLARED_SELECTOR = YES;
				GCC_WARN_UNINITIALIZED_AUTOS = YES_AGGRESSIVE;
				GCC_WARN_UNUSED_FUNCTION = YES;
				GCC_WARN_UNUSED_VARIABLE = YES;
				IPHONEOS_DEPLOYMENT_TARGET = 9.3;
				MTL_ENABLE_DEBUG_INFO = YES;
				ONLY_ACTIVE_ARCH = YES;
				SDKROOT = iphoneos;
				TARGETED_DEVICE_FAMILY = "1,2";
			};
			name = Debug;
		};
		891237971D642E8900DE68EE /* Release */ = {
			isa = XCBuildConfiguration;
			buildSettings = {
				ALWAYS_SEARCH_USER_PATHS = NO;
				CLANG_ANALYZER_NONNULL = YES;
				CLANG_CXX_LANGUAGE_STANDARD = "gnu++0x";
				CLANG_CXX_LIBRARY = "libc++";
				CLANG_ENABLE_MODULES = YES;
				CLANG_ENABLE_OBJC_ARC = YES;
				CLANG_WARN_BOOL_CONVERSION = YES;
				CLANG_WARN_CONSTANT_CONVERSION = YES;
				CLANG_WARN_DIRECT_OBJC_ISA_USAGE = YES_ERROR;
				CLANG_WARN_EMPTY_BODY = YES;
				CLANG_WARN_ENUM_CONVERSION = YES;
				CLANG_WARN_INT_CONVERSION = YES;
				CLANG_WARN_OBJC_ROOT_CLASS = YES_ERROR;
				CLANG_WARN_UNREACHABLE_CODE = YES;
				CLANG_WARN__DUPLICATE_METHOD_MATCH = YES;
				"CODE_SIGN_IDENTITY[sdk=iphoneos*]" = "iPhone Developer";
				COPY_PHASE_STRIP = NO;
				DEBUG_INFORMATION_FORMAT = "dwarf-with-dsym";
				ENABLE_NS_ASSERTIONS = NO;
				ENABLE_STRICT_OBJC_MSGSEND = YES;
				GCC_C_LANGUAGE_STANDARD = gnu99;
				GCC_NO_COMMON_BLOCKS = YES;
				GCC_WARN_64_TO_32_BIT_CONVERSION = YES;
				GCC_WARN_ABOUT_RETURN_TYPE = YES_ERROR;
				GCC_WARN_UNDECLARED_SELECTOR = YES;
				GCC_WARN_UNINITIALIZED_AUTOS = YES_AGGRESSIVE;
				GCC_WARN_UNUSED_FUNCTION = YES;
				GCC_WARN_UNUSED_VARIABLE = YES;
				IPHONEOS_DEPLOYMENT_TARGET = 9.3;
				MTL_ENABLE_DEBUG_INFO = NO;
				SDKROOT = iphoneos;
				TARGETED_DEVICE_FAMILY = "1,2";
				VALIDATE_PRODUCT = YES;
			};
			name = Release;
		};
		891237991D642E8900DE68EE /* Debug */ = {
			isa = XCBuildConfiguration;
			buildSettings = {
				ASSETCATALOG_COMPILER_APPICON_NAME = AppIcon;
				INFOPLIST_FILE = LLPinTransitionDemo/Info.plist;
				LD_RUNPATH_SEARCH_PATHS = "$(inherited) @executable_path/Frameworks";
				PRODUCT_BUNDLE_IDENTIFIER = com.lauren.LLPinTransitionDemo;
				PRODUCT_NAME = "$(TARGET_NAME)";
			};
			name = Debug;
		};
		8912379A1D642E8900DE68EE /* Release */ = {
			isa = XCBuildConfiguration;
			buildSettings = {
				ASSETCATALOG_COMPILER_APPICON_NAME = AppIcon;
				INFOPLIST_FILE = LLPinTransitionDemo/Info.plist;
				LD_RUNPATH_SEARCH_PATHS = "$(inherited) @executable_path/Frameworks";
				PRODUCT_BUNDLE_IDENTIFIER = com.lauren.LLPinTransitionDemo;
				PRODUCT_NAME = "$(TARGET_NAME)";
			};
			name = Release;
		};
		8912379C1D642E8900DE68EE /* Debug */ = {
			isa = XCBuildConfiguration;
			buildSettings = {
				BUNDLE_LOADER = "$(TEST_HOST)";
				INFOPLIST_FILE = LLPinTransitionDemoTests/Info.plist;
				LD_RUNPATH_SEARCH_PATHS = "$(inherited) @executable_path/Frameworks @loader_path/Frameworks";
				PRODUCT_BUNDLE_IDENTIFIER = com.lauren.LLPinTransitionDemoTests;
				PRODUCT_NAME = "$(TARGET_NAME)";
				TEST_HOST = "$(BUILT_PRODUCTS_DIR)/LLPinTransitionDemo.app/LLPinTransitionDemo";
			};
			name = Debug;
		};
		8912379D1D642E8900DE68EE /* Release */ = {
			isa = XCBuildConfiguration;
			buildSettings = {
				BUNDLE_LOADER = "$(TEST_HOST)";
				INFOPLIST_FILE = LLPinTransitionDemoTests/Info.plist;
				LD_RUNPATH_SEARCH_PATHS = "$(inherited) @executable_path/Frameworks @loader_path/Frameworks";
				PRODUCT_BUNDLE_IDENTIFIER = com.lauren.LLPinTransitionDemoTests;
				PRODUCT_NAME = "$(TARGET_NAME)";
				TEST_HOST = "$(BUILT_PRODUCTS_DIR)/LLPinTransitionDemo.app/LLPinTransitionDemo";
			};
			name = Release;
		};
		8912379F1D642E8900DE68EE /* Debug */ = {
			isa = XCBuildConfiguration;
			buildSettings = {
				INFOPLIST_FILE = LLPinTransitionDemoUITests/Info.plist;
				LD_RUNPATH_SEARCH_PATHS = "$(inherited) @executable_path/Frameworks @loader_path/Frameworks";
				PRODUCT_BUNDLE_IDENTIFIER = com.lauren.LLPinTransitionDemoUITests;
				PRODUCT_NAME = "$(TARGET_NAME)";
				TEST_TARGET_NAME = LLPinTransitionDemo;
			};
			name = Debug;
		};
		891237A01D642E8900DE68EE /* Release */ = {
			isa = XCBuildConfiguration;
			buildSettings = {
				INFOPLIST_FILE = LLPinTransitionDemoUITests/Info.plist;
				LD_RUNPATH_SEARCH_PATHS = "$(inherited) @executable_path/Frameworks @loader_path/Frameworks";
				PRODUCT_BUNDLE_IDENTIFIER = com.lauren.LLPinTransitionDemoUITests;
				PRODUCT_NAME = "$(TARGET_NAME)";
				TEST_TARGET_NAME = LLPinTransitionDemo;
			};
			name = Release;
		};
/* End XCBuildConfiguration section */

/* Begin XCConfigurationList section */
		891237661D642E8900DE68EE /* Build configuration list for PBXProject "LLPinTransitionDemo" */ = {
			isa = XCConfigurationList;
			buildConfigurations = (
				891237961D642E8900DE68EE /* Debug */,
				891237971D642E8900DE68EE /* Release */,
			);
			defaultConfigurationIsVisible = 0;
			defaultConfigurationName = Release;
		};
		891237981D642E8900DE68EE /* Build configuration list for PBXNativeTarget "LLPinTransitionDemo" */ = {
			isa = XCConfigurationList;
			buildConfigurations = (
				891237991D642E8900DE68EE /* Debug */,
				8912379A1D642E8900DE68EE /* Release */,
			);
			defaultConfigurationIsVisible = 0;
		};
		8912379B1D642E8900DE68EE /* Build configuration list for PBXNativeTarget "LLPinTransitionDemoTests" */ = {
			isa = XCConfigurationList;
			buildConfigurations = (
				8912379C1D642E8900DE68EE /* Debug */,
				8912379D1D642E8900DE68EE /* Release */,
			);
			defaultConfigurationIsVisible = 0;
		};
		8912379E1D642E8900DE68EE /* Build configuration list for PBXNativeTarget "LLPinTransitionDemoUITests" */ = {
			isa = XCConfigurationList;
			buildConfigurations = (
				8912379F1D642E8900DE68EE /* Debug */,
				891237A01D642E8900DE68EE /* Release */,
			);
			defaultConfigurationIsVisible = 0;
		};
/* End XCConfigurationList section */
	};
	rootObject = 891237631D642E8900DE68EE /* Project object */;
}
